
Microsoft Visual Studio Solution File, Format Version 12.00
# Visual Studio Version 16
VisualStudioVersion = 16.0.30320.27
MinimumVisualStudioVersion = 10.0.40219.1
Project("{8BC9CEB8-8B4A-11D0-8D11-00A0C91BC942}") = "MyCar", "MyCar.vcxproj", "{3FD5D0CD-F649-4145-AA12-750482061ECB}"
EndProject
Global
	GlobalSection(SolutionConfigurationPlatforms) = preSolution
		Debug|x64 = Debug|x64
		Debug|x86 = Debug|x86
		Release|x64 = Release|x64
		Release|x86 = Release|x86
	EndGlobalSection
	GlobalSection(ProjectConfigurationPlatforms) = postSolution
		{3FD5D0CD-F649-4145-AA12-750482061ECB}.Debug|x64.ActiveCfg = Debug|x64
		{3FD5D0CD-F649-4145-AA12-750482061ECB}.Debug|x64.Build.0 = Debug|x64
		{3FD5D0CD-F649-4145-AA12-750482061ECB}.Debug|x86.ActiveCfg = Debug|Win32
		{3FD5D0CD-F649-4145-AA12-750482061ECB}.Debug|x86.Build.0 = Debug|Win32
		{3FD5D0CD-F649-4145-AA12-750482061ECB}.Release|x64.ActiveCfg = Release|x64
		{3FD5D0CD-F649-4145-AA12-750482061ECB}.Release|x64.Build.0 = Release|x64
		{3FD5D0CD-F649-4145-AA12-750482061ECB}.Release|x86.ActiveCfg = Release|Win32
		{3FD5D0CD-F649-4145-AA12-750482061ECB}.Release|x86.Build.0 = Release|Win32
	EndGlobalSection
	GlobalSection(SolutionProperties) = preSolution
		HideSolutionNode = FALSE
	EndGlobalSection
	GlobalSection(ExtensibilityGlobals) = postSolution
		SolutionGuid = {1D52A50A-864B-42B2-AB29-C0C94F92B04D}
	EndGlobalSection
EndGlobal
